lockfileVersion: 5.4

specifiers:
  '@types/node': ^18.0.0
  clipanion: 3.2.0-rc.11
  dprint: ^0.29.1
  just-extras: link:.
  just-install: ^1.0.8
  typescript: ^4.7.4

dependencies:
  clipanion: 3.2.0-rc.11

devDependencies:
  '@types/node': 18.0.0
  dprint: 0.29.1
  just-extras: 'link:'
  just-install: 1.0.8
  typescript: 4.7.4

packages:

  /@types/node/18.0.0:
    resolution: {integrity: sha512-cHlGmko4gWLVI27cGJntjs/Sj8th9aYwplmZFwmmgYQQvL5NUsgVJG7OddLvNfLqYS31KFN0s3qlaD9qCaxACA==}
    dev: true

  /buffer-crc32/0.2.13:
    resolution: {integrity: sha512-VO9Ht/+p3SN7SKWqcrgEzjGbRSJYTx+Q1pTQC0wrWqHx0vpJraQ6GtHx8tvcg1rlK1byhU5gccxgOgj7B0TDkQ==}
    dev: true

  /clipanion/3.2.0-rc.11:
    resolution: {integrity: sha512-fugY+N5uPop31VDYhjTc31DwPjCCLx6kmvdlFTf8fztpOxwplopiZr1XSHSA2qNmfpcXlJZKJsXMkxvXmdzK7g==}
    dependencies:
      typanion: 3.9.0
    dev: false

  /dprint/0.29.1:
    resolution: {integrity: sha512-6x20DOUzx8/3LhQWU9qix+uEuo1uI1x7x5CN6/KaAsARk9JOJx3qs0kDI5Fp4WUQpRHs7TN5bQ08W5Exe8Yv9g==}
    hasBin: true
    requiresBuild: true
    dependencies:
      yauzl: 2.10.0
    dev: true

  /fd-slicer/1.1.0:
    resolution: {integrity: sha512-cE1qsB/VwyQozZ+q1dGxR8LBYNZeofhEdUNGSMbQD3Gw2lAzX9Zb3uIU6Ebc/Fmyjo9AWWfnn0AUCHqtevs/8g==}
    dependencies:
      pend: 1.2.0
    dev: true

  /just-install/1.0.8:
    resolution: {integrity: sha512-m5Y1H2jh9Lhhmtq7Wyo0SMKauVIYN0nif9pRn9ccqNBE6xAxb7cZ4Xe4RUMXcXN9CIV+bKKWjgpHBagNfI1V7g==}
    hasBin: true
    requiresBuild: true
    dev: true

  /pend/1.2.0:
    resolution: {integrity: sha512-F3asv42UuXchdzt+xXqfW1OGlVBe+mxa2mqI0pg5yAHZPvFmY3Y6drSf/GQ1A86WgWEN9Kzh/WrgKa6iGcHXLg==}
    dev: true

  /typanion/3.9.0:
    resolution: {integrity: sha512-7yPk67IIquhKQcUXOBM27vDuGmZf6oJbEmzgVfDniHCkT6+z4JnKY85nKqbstoec8Kp7hD06TP3Kc98ij43PIg==}
    dev: false

  /typescript/4.7.4:
    resolution: {integrity: sha512-C0WQT0gezHuw6AdY1M2jxUO83Rjf0HP7Sk1DtXj6j1EwkQNZrHAg2XPWlq62oqEhYvONq5pkC2Y9oPljWToLmQ==}
    engines: {node: '>=4.2.0'}
    hasBin: true
    dev: true

  /yauzl/2.10.0:
    resolution: {integrity: sha512-p4a9I6X6nu6IhoGmBqAcbJy1mlC4j27vEPZX9F4L4/vZT3Lyq1VkFHw/V/PUcB9Buo+DG3iHkT0x3Qya58zc3g==}
    dependencies:
      buffer-crc32: 0.2.13
      fd-slicer: 1.1.0
    dev: true
